
Microsoft Visual Studio Solution File, Format Version 12.00
# Visual Studio Version 17
VisualStudioVersion = 17.14.36121.58 d17.14
MinimumVisualStudioVersion = 10.0.40219.1
Project("{FAE04EC0-301F-11D3-BF4B-00C04F79EFBC}") = "VVS_TenderApp", "VVS_TenderApp\VVS_TenderApp.csproj", "{3CB8EE51-B32D-4105-91A5-ADFBFD36372C}"
EndProject
Global
	GlobalSection(SolutionConfigurationPlatforms) = preSolution
		Debug|Any CPU = Debug|Any CPU
		Release|Any CPU = Release|Any CPU
	EndGlobalSection
	GlobalSection(ProjectConfigurationPlatforms) = postSolution
		{3CB8EE51-B32D-4105-91A5-ADFBFD36372C}.Debug|Any CPU.ActiveCfg = Debug|Any CPU
		{3CB8EE51-B32D-4105-91A5-ADFBFD36372C}.Debug|Any CPU.Build.0 = Debug|Any CPU
		{3CB8EE51-B32D-4105-91A5-ADFBFD36372C}.Release|Any CPU.ActiveCfg = Release|Any CPU
		{3CB8EE51-B32D-4105-91A5-ADFBFD36372C}.Release|Any CPU.Build.0 = Release|Any CPU
	EndGlobalSection
	GlobalSection(SolutionProperties) = preSolution
		HideSolutionNode = FALSE
	EndGlobalSection
	GlobalSection(ExtensibilityGlobals) = postSolution
		SolutionGuid = {D1196DAC-9481-41D6-A350-A405A3363ABA}
	EndGlobalSection
EndGlobal
